
Microsoft Visual Studio Solution File, Format Version 12.00
# Visual Studio Version 17
VisualStudioVersion = 17.11.35312.102
MinimumVisualStudioVersion = 10.0.40219.1
Project("{FAE04EC0-301F-11D3-BF4B-00C04F79EFBC}") = "WpfAppAlbergo", "WpfAppAlbergo\WpfAppAlbergo.csproj", "{786C04EA-6188-426A-8D85-069DA601EACA}"
EndProject
Global
	GlobalSection(SolutionConfigurationPlatforms) = preSolution
		Debug|Any CPU = Debug|Any CPU
		Release|Any CPU = Release|Any CPU
	EndGlobalSection
	GlobalSection(ProjectConfigurationPlatforms) = postSolution
		{786C04EA-6188-426A-8D85-069DA601EACA}.Debug|Any CPU.ActiveCfg = Debug|Any CPU
		{786C04EA-6188-426A-8D85-069DA601EACA}.Debug|Any CPU.Build.0 = Debug|Any CPU
		{786C04EA-6188-426A-8D85-069DA601EACA}.Release|Any CPU.ActiveCfg = Release|Any CPU
		{786C04EA-6188-426A-8D85-069DA601EACA}.Release|Any CPU.Build.0 = Release|Any CPU
	EndGlobalSection
	GlobalSection(SolutionProperties) = preSolution
		HideSolutionNode = FALSE
	EndGlobalSection
	GlobalSection(ExtensibilityGlobals) = postSolution
		SolutionGuid = {6D1BE54E-4D00-41A5-AB72-7378446DF414}
	EndGlobalSection
EndGlobal
